
Microsoft Visual Studio Solution File, Format Version 12.00
# Visual Studio Version 17
VisualStudioVersion = 17.14.36202.13 d17.14
MinimumVisualStudioVersion = 10.0.40219.1
Project("{FAE04EC0-301F-11D3-BF4B-00C04F79EFBC}") = "linux", "linux.csproj", "{AFD76155-5DA1-41E2-BFBA-4F33305A45A6}"
EndProject
Global
	GlobalSection(SolutionConfigurationPlatforms) = preSolution
		Debug|Any CPU = Debug|Any CPU
		Release|Any CPU = Release|Any CPU
	EndGlobalSection
	GlobalSection(ProjectConfigurationPlatforms) = postSolution
		{AFD76155-5DA1-41E2-BFBA-4F33305A45A6}.Debug|Any CPU.ActiveCfg = Debug|Any CPU
		{AFD76155-5DA1-41E2-BFBA-4F33305A45A6}.Debug|Any CPU.Build.0 = Debug|Any CPU
		{AFD76155-5DA1-41E2-BFBA-4F33305A45A6}.Release|Any CPU.ActiveCfg = Release|Any CPU
		{AFD76155-5DA1-41E2-BFBA-4F33305A45A6}.Release|Any CPU.Build.0 = Release|Any CPU
	EndGlobalSection
	GlobalSection(SolutionProperties) = preSolution
		HideSolutionNode = FALSE
	EndGlobalSection
	GlobalSection(ExtensibilityGlobals) = postSolution
		SolutionGuid = {FD0FB11A-FAD4-4451-9E72-2D6A974268E9}
	EndGlobalSection
EndGlobal
